
Microsoft Visual Studio Solution File, Format Version 12.00
# Visual Studio Version 16
VisualStudioVersion = 16.0.31313.79
MinimumVisualStudioVersion = 10.0.40219.1
Project("{FAE04EC0-301F-11D3-BF4B-00C04F79EFBC}") = "OperationsMath.Android", "OperationsMath\OperationsMath.Android\OperationsMath.Android.csproj", "{CCB6D9B1-BDA5-484A-A8F6-A9768F1D9785}"
EndProject
Project("{FAE04EC0-301F-11D3-BF4B-00C04F79EFBC}") = "OperationsMath.iOS", "OperationsMath\OperationsMath.iOS\OperationsMath.iOS.csproj", "{32BB75AF-E59B-4CFC-969F-B13B17611143}"
EndProject
Project("{FAE04EC0-301F-11D3-BF4B-00C04F79EFBC}") = "OperationsMath", "OperationsMath\OperationsMath\OperationsMath.csproj", "{EDF97A60-4218-4087-B0E4-3F2696C80D44}"
EndProject
Global
	GlobalSection(SolutionConfigurationPlatforms) = preSolution
		Debug|Any CPU = Debug|Any CPU
		Debug|iPhone = Debug|iPhone
		Debug|iPhoneSimulator = Debug|iPhoneSimulator
		Release|Any CPU = Release|Any CPU
		Release|iPhone = Release|iPhone
		Release|iPhoneSimulator = Release|iPhoneSimulator
	EndGlobalSection
	GlobalSection(ProjectConfigurationPlatforms) = postSolution
		{CCB6D9B1-BDA5-484A-A8F6-A9768F1D9785}.Debug|Any CPU.ActiveCfg = Debug|Any CPU
		{CCB6D9B1-BDA5-484A-A8F6-A9768F1D9785}.Debug|Any CPU.Build.0 = Debug|Any CPU
		{CCB6D9B1-BDA5-484A-A8F6-A9768F1D9785}.Debug|Any CPU.Deploy.0 = Debug|Any CPU
		{CCB6D9B1-BDA5-484A-A8F6-A9768F1D9785}.Debug|iPhone.ActiveCfg = Debug|Any CPU
		{CCB6D9B1-BDA5-484A-A8F6-A9768F1D9785}.Debug|iPhone.Build.0 = Debug|Any CPU
		{CCB6D9B1-BDA5-484A-A8F6-A9768F1D9785}.Debug|iPhone.Deploy.0 = Debug|Any CPU
		{CCB6D9B1-BDA5-484A-A8F6-A9768F1D9785}.Debug|iPhoneSimulator.ActiveCfg = Debug|Any CPU
		{CCB6D9B1-BDA5-484A-A8F6-A9768F1D9785}.Debug|iPhoneSimulator.Build.0 = Debug|Any CPU
		{CCB6D9B1-BDA5-484A-A8F6-A9768F1D9785}.Debug|iPhoneSimulator.Deploy.0 = Debug|Any CPU
		{CCB6D9B1-BDA5-484A-A8F6-A9768F1D9785}.Release|Any CPU.ActiveCfg = Release|Any CPU
		{CCB6D9B1-BDA5-484A-A8F6-A9768F1D9785}.Release|Any CPU.Build.0 = Release|Any CPU
		{CCB6D9B1-BDA5-484A-A8F6-A9768F1D9785}.Release|Any CPU.Deploy.0 = Release|Any CPU
		{CCB6D9B1-BDA5-484A-A8F6-A9768F1D9785}.Release|iPhone.ActiveCfg = Release|Any CPU
		{CCB6D9B1-BDA5-484A-A8F6-A9768F1D9785}.Release|iPhone.Build.0 = Release|Any CPU
		{CCB6D9B1-BDA5-484A-A8F6-A9768F1D9785}.Release|iPhone.Deploy.0 = Release|Any CPU
		{CCB6D9B1-BDA5-484A-A8F6-A9768F1D9785}.Release|iPhoneSimulator.ActiveCfg = Release|Any CPU
		{CCB6D9B1-BDA5-484A-A8F6-A9768F1D9785}.Release|iPhoneSimulator.Build.0 = Release|Any CPU
		{CCB6D9B1-BDA5-484A-A8F6-A9768F1D9785}.Release|iPhoneSimulator.Deploy.0 = Release|Any CPU
		{32BB75AF-E59B-4CFC-969F-B13B17611143}.Debug|Any CPU.ActiveCfg = Debug|iPhone
		{32BB75AF-E59B-4CFC-969F-B13B17611143}.Debug|Any CPU.Build.0 = Debug|iPhone
		{32BB75AF-E59B-4CFC-969F-B13B17611143}.Debug|Any CPU.Deploy.0 = Debug|iPhone
		{32BB75AF-E59B-4CFC-969F-B13B17611143}.Debug|iPhone.ActiveCfg = Debug|iPhone
		{32BB75AF-E59B-4CFC-969F-B13B17611143}.Debug|iPhone.Build.0 = Debug|iPhone
		{32BB75AF-E59B-4CFC-969F-B13B17611143}.Debug|iPhone.Deploy.0 = Debug|iPhone
		{32BB75AF-E59B-4CFC-969F-B13B17611143}.Debug|iPhoneSimulator.ActiveCfg = Debug|iPhoneSimulator
		{32BB75AF-E59B-4CFC-969F-B13B17611143}.Debug|iPhoneSimulator.Build.0 = Debug|iPhoneSimulator
		{32BB75AF-E59B-4CFC-969F-B13B17611143}.Debug|iPhoneSimulator.Deploy.0 = Debug|iPhoneSimulator
		{32BB75AF-E59B-4CFC-969F-B13B17611143}.Release|Any CPU.ActiveCfg = Release|iPhoneSimulator
		{32BB75AF-E59B-4CFC-969F-B13B17611143}.Release|Any CPU.Build.0 = Release|iPhoneSimulator
		{32BB75AF-E59B-4CFC-969F-B13B17611143}.Release|Any CPU.Deploy.0 = Release|iPhoneSimulator
		{32BB75AF-E59B-4CFC-969F-B13B17611143}.Release|iPhone.ActiveCfg = Release|iPhone
		{32BB75AF-E59B-4CFC-969F-B13B17611143}.Release|iPhone.Build.0 = Release|iPhone
		{32BB75AF-E59B-4CFC-969F-B13B17611143}.Release|iPhone.Deploy.0 = Release|iPhone
		{32BB75AF-E59B-4CFC-969F-B13B17611143}.Release|iPhoneSimulator.ActiveCfg = Release|iPhoneSimulator
		{32BB75AF-E59B-4CFC-969F-B13B17611143}.Release|iPhoneSimulator.Build.0 = Release|iPhoneSimulator
		{32BB75AF-E59B-4CFC-969F-B13B17611143}.Release|iPhoneSimulator.Deploy.0 = Release|iPhoneSimulator
		{EDF97A60-4218-4087-B0E4-3F2696C80D44}.Debug|Any CPU.ActiveCfg = Debug|Any CPU
		{EDF97A60-4218-4087-B0E4-3F2696C80D44}.Debug|Any CPU.Build.0 = Debug|Any CPU
		{EDF97A60-4218-4087-B0E4-3F2696C80D44}.Debug|Any CPU.Deploy.0 = Debug|Any CPU
		{EDF97A60-4218-4087-B0E4-3F2696C80D44}.Debug|iPhone.ActiveCfg = Debug|Any CPU
		{EDF97A60-4218-4087-B0E4-3F2696C80D44}.Debug|iPhone.Build.0 = Debug|Any CPU
		{EDF97A60-4218-4087-B0E4-3F2696C80D44}.Debug|iPhone.Deploy.0 = Debug|Any CPU
		{EDF97A60-4218-4087-B0E4-3F2696C80D44}.Debug|iPhoneSimulator.ActiveCfg = Debug|Any CPU
		{EDF97A60-4218-4087-B0E4-3F2696C80D44}.Debug|iPhoneSimulator.Build.0 = Debug|Any CPU
		{EDF97A60-4218-4087-B0E4-3F2696C80D44}.Debug|iPhoneSimulator.Deploy.0 = Debug|Any CPU
		{EDF97A60-4218-4087-B0E4-3F2696C80D44}.Release|Any CPU.ActiveCfg = Release|Any CPU
		{EDF97A60-4218-4087-B0E4-3F2696C80D44}.Release|Any CPU.Build.0 = Release|Any CPU
		{EDF97A60-4218-4087-B0E4-3F2696C80D44}.Release|Any CPU.Deploy.0 = Release|Any CPU
		{EDF97A60-4218-4087-B0E4-3F2696C80D44}.Release|iPhone.ActiveCfg = Release|Any CPU
		{EDF97A60-4218-4087-B0E4-3F2696C80D44}.Release|iPhone.Build.0 = Release|Any CPU
		{EDF97A60-4218-4087-B0E4-3F2696C80D44}.Release|iPhone.Deploy.0 = Release|Any CPU
		{EDF97A60-4218-4087-B0E4-3F2696C80D44}.Release|iPhoneSimulator.ActiveCfg = Release|Any CPU
		{EDF97A60-4218-4087-B0E4-3F2696C80D44}.Release|iPhoneSimulator.Build.0 = Release|Any CPU
		{EDF97A60-4218-4087-B0E4-3F2696C80D44}.Release|iPhoneSimulator.Deploy.0 = Release|Any CPU
	EndGlobalSection
	GlobalSection(SolutionProperties) = preSolution
		HideSolutionNode = FALSE
	EndGlobalSection
	GlobalSection(ExtensibilityGlobals) = postSolution
		SolutionGuid = {F378D807-89FD-442C-9E65-82B6CF4789B8}
	EndGlobalSection
EndGlobal
